{
  "name": "@dsh-external/dsh-oh-my-agent",
  "version": "0.1.0",
  "lockfileVersion": 3,
  "requires": true,
  "packages": {
    "": {
      "name": "@dsh-external/dsh-oh-my-agent",
      "version": "0.1.0",
      "license": "BSD-3-Clause",
      "dependencies": {
        "@ast-grep/cli": "^0.45.1",
        "typescript-language-server": "^5.3.0",
        "vscode-jsonrpc": "^8.2.0",
        "vscode-languageserver-protocol": "^3.17.5",
        "vscode-languageserver-types": "^3.17.5"
      },
      "devDependencies": {
        "@types/node": "^24.13.3",
        "typescript": "^5.9.3"
      },
      "peerDependencies": {
        "@deepseek-ai/cordis": ">=4.0.0-rc <5",
        "@deepseek-ai/dsh-client-ui-slots": ">=0.0.1-rc <2",
        "@deepseek-ai/dsh-llm": ">=0.0.1-rc <2",
        "@deepseek-ai/dsh-tools": ">=0.0.1-rc <2",
        "schemastery": "^3.18.0"
      }
    },
    "../../../../../usr/lib/node_modules/@deepseek-ai/dsh/node_modules/@deepseek-ai/cordis": {
      "version": "4.0.1",
      "extraneous": true,
      "license": "MIT",
      "dependencies": {
        "@deepseek-ai/cosmokit": "^1.8.2",
        "@standard-schema/spec": "^1.1.0"
      },
      "bin": {
        "cordis": "bin.js"
      },
      "peerDependencies": {
        "@deepseek-ai/cordis-plugin-include": "^1.0.6",
        "@deepseek-ai/cordis-plugin-loader": "^1.0.2"
      },
      "peerDependenciesMeta": {
        "@deepseek-ai/cordis-plugin-include": {
          "optional": true
        },
        "@deepseek-ai/cordis-plugin-loader": {
          "optional": true
        }
      }
    },
    "../../../../../usr/lib/node_modules/@deepseek-ai/dsh/node_modules/@deepseek-ai/cosmokit": {
      "version": "1.8.2",
      "extraneous": true,
      "license": "MIT"
    },
    "../../../../../usr/lib/node_modules/@deepseek-ai/dsh/node_modules/@deepseek-ai/dsh-agent": {
      "version": "0.1.0-rc.6",
      "extraneous": true,
      "license": "MIT",
      "devDependencies": {
        "@deepseek-ai/cordis": "^4.0.1",
        "@deepseek-ai/dsh-invariants": "^0.1.0-rc.6",
        "@deepseek-ai/dsh-llm": "^0.1.0-rc.6",
        "@deepseek-ai/dsh-scope": "^0.1.0-rc.6",
        "@deepseek-ai/dsh-session": "^0.1.0-rc.6",
        "@deepseek-ai/dsh-system-prompt": "^0.1.0-rc.6",
        "@deepseek-ai/dsh-typert-protocol": "^0.1.0-rc.6",
        "@deepseek-ai/dsh-typert-registry": "^0.1.0-rc.6"
      },
      "peerDependencies": {
        "@deepseek-ai/cordis": "^4.0.1",
        "@deepseek-ai/dsh-invariants": "^0.1.0-rc.6",
        "@deepseek-ai/dsh-llm": "^0.1.0-rc.6",
        "@deepseek-ai/dsh-scope": "^0.1.0-rc.6",
        "@deepseek-ai/dsh-session": "^0.1.0-rc.6",
        "@deepseek-ai/dsh-system-prompt": "^0.1.0-rc.6",
        "@deepseek-ai/dsh-typert-protocol": "^0.1.0-rc.6"
      }
    },
    "../../../../../usr/lib/node_modules/@deepseek-ai/dsh/node_modules/@deepseek-ai/dsh-client-ui-slots": {
      "version": "0.1.0-rc.6",
      "extraneous": true,
      "license": "MIT",
      "devDependencies": {
        "@deepseek-ai/cordis": "^4.0.1",
        "@deepseek-ai/dsh-invariants": "^0.1.0-rc.6",
        "@types/react": "~18.3.1"
      },
      "peerDependencies": {
        "@deepseek-ai/cordis": "^4.0.1",
        "@deepseek-ai/dsh-invariants": "^0.1.0-rc.6"
      }
    },
    "../../../../../usr/lib/node_modules/@deepseek-ai/dsh/node_modules/@deepseek-ai/dsh-host-webserver": {
      "version": "0.1.0-rc.6",
      "extraneous": true,
      "license": "MIT",
      "dependencies": {
        "@deepseek-ai/schemastery": "^3.18.1"
      },
      "devDependencies": {
        "@deepseek-ai/cordis": "^4.0.1",
        "@deepseek-ai/dsh-invariants": "^0.1.0-rc.6"
      },
      "peerDependencies": {
        "@deepseek-ai/cordis": "^4.0.1",
        "@deepseek-ai/dsh-invariants": "^0.1.0-rc.6"
      }
    },
    "../../../../../usr/lib/node_modules/@deepseek-ai/dsh/node_modules/@deepseek-ai/dsh-llm": {
      "version": "0.1.0-rc.6",
      "extraneous": true,
      "license": "MIT",
      "dependencies": {
        "@deepseek-ai/schemastery": "^3.18.1"
      },
      "devDependencies": {
        "@deepseek-ai/cordis": "^4.0.1",
        "@deepseek-ai/dsh-attachment": "^0.1.0-rc.6",
        "@deepseek-ai/dsh-brand": "^0.1.0-rc.6",
        "@deepseek-ai/dsh-invariants": "^0.1.0-rc.6",
        "@deepseek-ai/dsh-timeout": "^0.1.0-rc.6"
      },
      "peerDependencies": {
        "@deepseek-ai/cordis": "^4.0.1",
        "@deepseek-ai/dsh-attachment": "^0.1.0-rc.6",
        "@deepseek-ai/dsh-brand": "^0.1.0-rc.6",
        "@deepseek-ai/dsh-invariants": "^0.1.0-rc.6",
        "@deepseek-ai/dsh-timeout": "^0.1.0-rc.6"
      }
    },
    "../../../../../usr/lib/node_modules/@deepseek-ai/dsh/node_modules/@deepseek-ai/dsh-scope": {
      "version": "0.1.0-rc.6",
      "extraneous": true,
      "license": "MIT",
      "devDependencies": {
        "@deepseek-ai/cordis": "^4.0.1",
        "@deepseek-ai/dsh-invariants": "^0.1.0-rc.6"
      },
      "peerDependencies": {
        "@deepseek-ai/cordis": "^4.0.1",
        "@deepseek-ai/dsh-invariants": "^0.1.0-rc.6"
      }
    },
    "../../../../../usr/lib/node_modules/@deepseek-ai/dsh/node_modules/@deepseek-ai/dsh-session": {
      "version": "0.1.0-rc.6",
      "extraneous": true,
      "license": "MIT",
      "devDependencies": {
        "@deepseek-ai/cordis": "^4.0.1",
        "@deepseek-ai/dsh-brand": "^0.1.0-rc.6",
        "@deepseek-ai/dsh-invariants": "^0.1.0-rc.6",
        "@deepseek-ai/dsh-llm": "^0.1.0-rc.6",
        "@deepseek-ai/dsh-scope": "^0.1.0-rc.6",
        "@deepseek-ai/dsh-typert-protocol": "^0.1.0-rc.6",
        "@deepseek-ai/dsh-typert-registry": "^0.1.0-rc.6"
      },
      "peerDependencies": {
        "@deepseek-ai/cordis": "^4.0.1",
        "@deepseek-ai/dsh-brand": "^0.1.0-rc.6",
        "@deepseek-ai/dsh-invariants": "^0.1.0-rc.6",
        "@deepseek-ai/dsh-llm": "^0.1.0-rc.6",
        "@deepseek-ai/dsh-scope": "^0.1.0-rc.6",
        "@deepseek-ai/dsh-typert-protocol": "^0.1.0-rc.6"
      }
    },
    "../../../../../usr/lib/node_modules/@deepseek-ai/dsh/node_modules/@deepseek-ai/dsh-skill": {
      "version": "0.1.0-rc.6",
      "extraneous": true,
      "license": "MIT",
      "dependencies": {
        "@deepseek-ai/schemastery": "^3.18.1"
      },
      "devDependencies": {
        "@deepseek-ai/cordis": "^4.0.1",
        "@deepseek-ai/dsh-invariants": "^0.1.0-rc.6",
        "@deepseek-ai/dsh-llm": "^0.1.0-rc.6",
        "@deepseek-ai/dsh-scope": "^0.1.0-rc.6"
      },
      "peerDependencies": {
        "@deepseek-ai/cordis": "^4.0.1",
        "@deepseek-ai/dsh-invariants": "^0.1.0-rc.6",
        "@deepseek-ai/dsh-llm": "^0.1.0-rc.6",
        "@deepseek-ai/dsh-scope": "^0.1.0-rc.6"
      }
    },
    "../../../../../usr/lib/node_modules/@deepseek-ai/dsh/node_modules/@deepseek-ai/dsh-tools": {
      "version": "0.1.0-rc.6",
      "extraneous": true,
      "license": "MIT",
      "dependencies": {
        "@deepseek-ai/schemastery": "^3.18.1"
      },
      "devDependencies": {
        "@deepseek-ai/cordis": "^4.0.1",
        "@deepseek-ai/dsh-agent": "^0.1.0-rc.6",
        "@deepseek-ai/dsh-code-runtime": "^0.1.0-rc.6",
        "@deepseek-ai/dsh-invariants": "^0.1.0-rc.6",
        "@deepseek-ai/dsh-llm": "^0.1.0-rc.6",
        "@deepseek-ai/dsh-scope": "^0.1.0-rc.6",
        "@deepseek-ai/dsh-session": "^0.1.0-rc.6",
        "@deepseek-ai/dsh-system-prompt": "^0.1.0-rc.6",
        "@deepseek-ai/dsh-user-approval": "^0.1.0-rc.6"
      },
      "peerDependencies": {
        "@deepseek-ai/cordis": "^4.0.1",
        "@deepseek-ai/dsh-agent": "^0.1.0-rc.6",
        "@deepseek-ai/dsh-code-runtime": "^0.1.0-rc.6",
        "@deepseek-ai/dsh-invariants": "^0.1.0-rc.6",
        "@deepseek-ai/dsh-llm": "^0.1.0-rc.6",
        "@deepseek-ai/dsh-scope": "^0.1.0-rc.6",
        "@deepseek-ai/dsh-session": "^0.1.0-rc.6",
        "@deepseek-ai/dsh-system-prompt": "^0.1.0-rc.6",
        "@deepseek-ai/dsh-user-approval": "^0.1.0-rc.6"
      }
    },
    "../../../../../usr/lib/node_modules/@deepseek-ai/dsh/node_modules/@deepseek-ai/schemastery": {
      "version": "3.18.1",
      "extraneous": true,
      "license": "MIT",
      "dependencies": {
        "@deepseek-ai/cosmokit": "^1.8.2",
        "@standard-schema/spec": "^1.1.0"
      }
    },
    "../../../.dsh/profiles/web/node_modules/schemastery": {
      "version": "3.18.0",
      "extraneous": true,
      "license": "MIT",
      "dependencies": {
        "@standard-schema/spec": "^1.1.0",
        "cosmokit": "^1.8.1"
      },
      "devDependencies": {
        "@types/chai": "^4.3.16",
        "@types/node": "^25.3.5",
        "chai": "^5.1.1"
      }
    },
    "node_modules/@ast-grep/cli": {
      "version": "0.45.1",
      "resolved": "https://registry.npmjs.org/@ast-grep/cli/-/cli-0.45.1.tgz",
      "integrity": "sha512-Bt9Vuqd+gmtwERy1kzj5R9yq96Ws1d2ZukEXy0mzLcJ+S0pU9uaJhETUSTmaHro1LNu9G4GeJ3YOXL1gQRQySA==",
      "hasInstallScript": true,
      "license": "MIT",
      "dependencies": {
        "detect-libc": "2.1.2"
      },
      "bin": {
        "ast-grep": "ast-grep",
        "sg": "sg"
      },
      "engines": {
        "node": ">= 12.0.0"
      },
      "optionalDependencies": {
        "@ast-grep/cli-darwin-arm64": "0.45.1",
        "@ast-grep/cli-darwin-x64": "0.45.1",
        "@ast-grep/cli-linux-arm64-gnu": "0.45.1",
        "@ast-grep/cli-linux-x64-gnu": "0.45.1",
        "@ast-grep/cli-win32-arm64-msvc": "0.45.1",
        "@ast-grep/cli-win32-ia32-msvc": "0.45.1",
        "@ast-grep/cli-win32-x64-msvc": "0.45.1"
      }
    },
    "node_modules/@ast-grep/cli-darwin-arm64": {
      "version": "0.45.1",
      "resolved": "https://registry.npmjs.org/@ast-grep/cli-darwin-arm64/-/cli-darwin-arm64-0.45.1.tgz",
      "integrity": "sha512-hN/TDTvfry106SWn0pxepxFpAOvibuZJ80J5xU80WmY97Vjdc0cSKd49GBz2F+V8bzqn0SXchnoPXKLSJHB9kA==",
      "cpu": [
        "arm64"
      ],
      "license": "MIT",
      "optional": true,
      "os": [
        "darwin"
      ],
      "engines": {
        "node": ">= 10"
      }
    },
    "node_modules/@ast-grep/cli-darwin-x64": {
      "version": "0.45.1",
      "resolved": "https://registry.npmjs.org/@ast-grep/cli-darwin-x64/-/cli-darwin-x64-0.45.1.tgz",
      "integrity": "sha512-wyQ8hXqNwTC6+4KYf4LvmemNyq+iKXfimXVKS9ZDJ8mE7/3VOuynPVuCFB7h+C5rVErzDJ9tZWwLLpSLnpYuhQ==",
      "cpu": [
        "x64"
      ],
      "license": "MIT",
      "optional": true,
      "os": [
        "darwin"
      ],
      "engines": {
        "node": ">= 10"
      }
    },
    "node_modules/@ast-grep/cli-linux-arm64-gnu": {
      "version": "0.45.1",
      "resolved": "https://registry.npmjs.org/@ast-grep/cli-linux-arm64-gnu/-/cli-linux-arm64-gnu-0.45.1.tgz",
      "integrity": "sha512-yhIGIXDcvI7v4hLicA1dtvkf+QJ8WA8f/b/066gVhqhimiBgbdONkavrE3P5iOjwMLhfyTF0cQV9rkiKg93fvQ==",
      "cpu": [
        "arm64"
      ],
      "license": "MIT",
      "optional": true,
      "os": [
        "linux"
      ],
      "engines": {
        "node": ">= 10"
      }
    },
    "node_modules/@ast-grep/cli-linux-x64-gnu": {
      "version": "0.45.1",
      "resolved": "https://registry.npmjs.org/@ast-grep/cli-linux-x64-gnu/-/cli-linux-x64-gnu-0.45.1.tgz",
      "integrity": "sha512-vL6zdHagU3znogJN5KuZWECdTw9dTUf6/e5G5k9bNpvI+0gcrfuJj8hH8o/Wqyb5Qd4tuNdgJMwbHDTFbhtYvg==",
      "cpu": [
        "x64"
      ],
      "license": "MIT",
      "optional": true,
      "os": [
        "linux"
      ],
      "engines": {
        "node": ">= 10"
      }
    },
    "node_modules/@ast-grep/cli-win32-arm64-msvc": {
      "version": "0.45.1",
      "resolved": "https://registry.npmjs.org/@ast-grep/cli-win32-arm64-msvc/-/cli-win32-arm64-msvc-0.45.1.tgz",
      "integrity": "sha512-JzOFnMAk+Wd6ApnP96Fam7eJX5JiV5/V09akzc/p129Ko1tmym7w/1oALuyVMV+unRTepj9XRrtfrF3XZG64lQ==",
      "cpu": [
        "arm64"
      ],
      "license": "MIT",
      "optional": true,
      "os": [
        "win32"
      ],
      "engines": {
        "node": ">= 10"
      }
    },
    "node_modules/@ast-grep/cli-win32-ia32-msvc": {
      "version": "0.45.1",
      "resolved": "https://registry.npmjs.org/@ast-grep/cli-win32-ia32-msvc/-/cli-win32-ia32-msvc-0.45.1.tgz",
      "integrity": "sha512-uwgCUOq6B8//u+LhicTjg3CfA9mcpCgajfv5AWNxHE1Qw8F2wLRszDXK03+l/l8biaE13uHE2857mr6x6m/F+A==",
      "cpu": [
        "ia32"
      ],
      "license": "MIT",
      "optional": true,
      "os": [
        "win32"
      ],
      "engines": {
        "node": ">= 10"
      }
    },
    "node_modules/@ast-grep/cli-win32-x64-msvc": {
      "version": "0.45.1",
      "resolved": "https://registry.npmjs.org/@ast-grep/cli-win32-x64-msvc/-/cli-win32-x64-msvc-0.45.1.tgz",
      "integrity": "sha512-fDYXALDte7yt44Jmhu7kjPZFCmHOPN6SrtMAYqKlYgkxPtSC/UfTe2XpDNxyTgBV3rMLkw/61bj6KQkwXwuBNg==",
      "cpu": [
        "x64"
      ],
      "license": "MIT",
      "optional": true,
      "os": [
        "win32"
      ],
      "engines": {
        "node": ">= 10"
      }
    },
    "node_modules/@types/node": {
      "version": "24.13.3",
      "resolved": "https://registry.npmjs.org/@types/node/-/node-24.13.3.tgz",
      "integrity": "sha512-Dh8vAsV36ig5wa9OX4pXvMc9D3Veibfw2wix0CUwYODLD8nkj9UsLjASr49nPg+2eKzxhBV+v7L8pXvT4e639Q==",
      "dev": true,
      "license": "MIT",
      "dependencies": {
        "undici-types": "~7.18.0"
      }
    },
    "node_modules/detect-libc": {
      "version": "2.1.2",
      "resolved": "https://registry.npmjs.org/detect-libc/-/detect-libc-2.1.2.tgz",
      "integrity": "sha512-Btj2BOOO83o3WyH59e8MgXsxEQVcarkUOpEYrubB0urwnN10yQ364rsiByU11nZlqWYZm05i/of7io4mzihBtQ==",
      "license": "Apache-2.0",
      "engines": {
        "node": ">=8"
      }
    },
    "node_modules/typescript": {
      "version": "5.9.3",
      "resolved": "https://registry.npmjs.org/typescript/-/typescript-5.9.3.tgz",
      "integrity": "sha512-jl1vZzPDinLr9eUt3J/t7V6FgNEw9QjvBPdysz9KfQDD41fQrC2Y4vKQdiaUpFT4bXlb1RHhLpp8wtm6M5TgSw==",
      "dev": true,
      "license": "Apache-2.0",
      "bin": {
        "tsc": "bin/tsc",
        "tsserver": "bin/tsserver"
      },
      "engines": {
        "node": ">=14.17"
      }
    },
    "node_modules/typescript-language-server": {
      "version": "5.3.0",
      "license": "Apache-2.0",
      "bin": {
        "typescript-language-server": "lib/cli.mjs"
      },
      "engines": {
        "node": ">=20"
      }
    },
    "node_modules/undici-types": {
      "version": "7.18.2",
      "resolved": "https://registry.npmjs.org/undici-types/-/undici-types-7.18.2.tgz",
      "integrity": "sha512-AsuCzffGHJybSaRrmr5eHr81mwJU3kjw6M+uprWvCXiNeN9SOGwQ3Jn8jb8m3Z6izVgknn1R0FTCEAP2QrLY/w==",
      "dev": true,
      "license": "MIT"
    },
    "node_modules/vscode-jsonrpc": {
      "version": "8.2.0",
      "license": "MIT",
      "engines": {
        "node": ">=14.0.0"
      }
    },
    "node_modules/vscode-languageserver-protocol": {
      "version": "3.17.5",
      "license": "MIT",
      "dependencies": {
        "vscode-jsonrpc": "8.2.0",
        "vscode-languageserver-types": "3.17.5"
      }
    },
    "node_modules/vscode-languageserver-types": {
      "version": "3.17.5",
      "license": "MIT"
    }
  }
}
